# -------------------------------------------------------------------------- #
# Quartus Prime — Inferência CNN (Imagem via UART → LEDs)
# Placa: DE2-115 (EP4CE115F29C7, Cyclone IV E)
# -------------------------------------------------------------------------- #

set_global_assignment -name FAMILY "Cyclone IV E"
set_global_assignment -name DEVICE EP4CE115F29C7
set_global_assignment -name TOP_LEVEL_ENTITY fpga_top_de2115
set_global_assignment -name ORIGINAL_QUARTUS_VERSION 18.1.0
set_global_assignment -name LAST_QUARTUS_VERSION "25.1std.0 Lite Edition"
set_global_assignment -name PROJECT_OUTPUT_DIRECTORY output_files
set_global_assignment -name MIN_CORE_JUNCTION_TEMP 0
set_global_assignment -name MAX_CORE_JUNCTION_TEMP 85
set_global_assignment -name ERROR_CHECK_FREQUENCY_DIVISOR 1
set_global_assignment -name NOMINAL_CORE_SUPPLY_VOLTAGE 1.2V
set_global_assignment -name POWER_PRESET_COOLING_SOLUTION "23 MM HEAT SINK WITH 200 LFPM AIRFLOW"
set_global_assignment -name POWER_BOARD_THERMAL_MODEL "NONE (CONSERVATIVE)"
set_global_assignment -name NUM_PARALLEL_PROCESSORS ALL

# =========================================================================
# SIMULATION
# =========================================================================
set_global_assignment -name EDA_SIMULATION_TOOL "Questa Altera FPGA (Verilog)"
set_global_assignment -name EDA_TIME_SCALE "1 ps" -section_id eda_simulation
set_global_assignment -name EDA_OUTPUT_DATA_FORMAT "VERILOG HDL" -section_id eda_simulation


# =========================================================================
# PIN ASSIGNMENTS — DE2-115
# =========================================================================

# --- Clock 50 MHz ---
set_location_assignment PIN_Y2 -to CLOCK_50

# --- KEYs (active-low, com debounce por Schmitt Trigger na placa) ---
set_location_assignment PIN_M23 -to KEY[0]
set_location_assignment PIN_M21 -to KEY[1]

# --- UART (RS-232 via MAX3232 transceiver na DE2-115) ---
set_location_assignment PIN_AB21 -to UART_RXD

# --- LEDs Verdes (LEDG[7:0]) — Resultado da classificação ---
set_location_assignment PIN_E21 -to LEDG[0]
set_location_assignment PIN_E22 -to LEDG[1]
set_location_assignment PIN_E25 -to LEDG[2]
set_location_assignment PIN_E24 -to LEDG[3]
set_location_assignment PIN_H21 -to LEDG[4]
set_location_assignment PIN_G20 -to LEDG[5]
set_location_assignment PIN_G22 -to LEDG[6]
set_location_assignment PIN_G21 -to LEDG[7]

# =========================================================================
# I/O STANDARDS — Conforme voltagens dos bancos da DE2-115
# =========================================================================
set_global_assignment -name STRATIX_DEVICE_IO_STANDARD "2.5 V"

# Clock (Bank 2 — 3.3V)
set_instance_assignment -name IO_STANDARD "3.3-V LVTTL" -to CLOCK_50
set_instance_assignment -name PCI_IO ON -to CLOCK_50

# KEYs (Bank 6 — 2.5V)
set_instance_assignment -name IO_STANDARD "2.5 V" -to KEY[0]
set_instance_assignment -name IO_STANDARD "2.5 V" -to KEY[1]

# UART (Bank 4 — 3.3V)
set_instance_assignment -name IO_STANDARD "3.3-V LVTTL" -to UART_RXD
set_instance_assignment -name PCI_IO ON -to UART_RXD

# LEDs (Bank 7 — 2.5V)
set_instance_assignment -name IO_STANDARD "2.5 V" -to LEDG[0]
set_instance_assignment -name IO_STANDARD "2.5 V" -to LEDG[1]
set_instance_assignment -name IO_STANDARD "2.5 V" -to LEDG[2]
set_instance_assignment -name IO_STANDARD "2.5 V" -to LEDG[3]
set_instance_assignment -name IO_STANDARD "2.5 V" -to LEDG[4]
set_instance_assignment -name IO_STANDARD "2.5 V" -to LEDG[5]
set_instance_assignment -name IO_STANDARD "2.5 V" -to LEDG[6]
set_instance_assignment -name IO_STANDARD "2.5 V" -to LEDG[7]

# =========================================================================
# CURRENT STRENGTH (Corrige warning 15714: Missing Drive Strength)
# =========================================================================
set_instance_assignment -name CURRENT_STRENGTH_NEW 8MA -to LEDG[*]

# =========================================================================
# SLEW RATE (Corrige warning 15714: Missing Slew Rate)
# =========================================================================
set_instance_assignment -name SLEW_RATE 2 -to LEDG[*]

# =========================================================================
# ARQUIVOS FONTE — Todos os módulos Verilog do pipeline CNN
# =========================================================================
set_global_assignment -name SDC_FILE cnn_inference.sdc
set_global_assignment -name SYSTEMVERILOG_FILE ../modulos_verilog/fpga_top_de2115.v
set_global_assignment -name SYSTEMVERILOG_FILE ../modulos_verilog/cnn_top.v
set_global_assignment -name SYSTEMVERILOG_FILE ../modulos_verilog/uart_rx.v
set_global_assignment -name SYSTEMVERILOG_FILE ../modulos_verilog/framebuffer_32x32.v
set_global_assignment -name SYSTEMVERILOG_FILE ../modulos_verilog/line_buffer_32x32.v
set_global_assignment -name SYSTEMVERILOG_FILE ../modulos_verilog/convolucao_mac.v
set_global_assignment -name SYSTEMVERILOG_FILE ../modulos_verilog/max_pooling_design.v
set_global_assignment -name SYSTEMVERILOG_FILE ../modulos_verilog/flatten.v
set_global_assignment -name SYSTEMVERILOG_FILE ../modulos_verilog/dense_900x19.v
set_global_assignment -name SYSTEMVERILOG_FILE ../modulos_verilog/argmax_19.v
set_global_assignment -name SYSTEMVERILOG_FILE ../modulos_verilog/weights_shared_rom.v
set_global_assignment -name MIF_FILE ../modulos_verilog/weights_all.mif

set_global_assignment -name PARTITION_NETLIST_TYPE SOURCE -section_id Top
set_global_assignment -name PARTITION_FITTER_PRESERVATION_LEVEL PLACEMENT_AND_ROUTING -section_id Top
set_global_assignment -name PARTITION_COLOR 16764057 -section_id Top
set_instance_assignment -name PARTITION_HIERARCHY root_partition -to | -section_id Top